
Microsoft Visual Studio Solution File, Format Version 12.00
# Visual Studio Version 16
VisualStudioVersion = 16.0.29905.134
MinimumVisualStudioVersion = 10.0.40219.1
Project("{FAE04EC0-301F-11D3-BF4B-00C04F79EFBC}") = "MarqueeLabelSample.Android", "MarqueeLabelSample\MarqueeLabelSample.Android\MarqueeLabelSample.Android.csproj", "{767675F9-84D0-4B07-88C6-E9600376B9B2}"
EndProject
Project("{FAE04EC0-301F-11D3-BF4B-00C04F79EFBC}") = "MarqueeLabelSample.iOS", "MarqueeLabelSample\MarqueeLabelSample.iOS\MarqueeLabelSample.iOS.csproj", "{0B08A3E3-C270-4A51-9AFA-154761640485}"
EndProject
Project("{FAE04EC0-301F-11D3-BF4B-00C04F79EFBC}") = "MarqueeLabelSample", "MarqueeLabelSample\MarqueeLabelSample\MarqueeLabelSample.csproj", "{22114522-4C54-4894-9B65-EC30B3EA50B7}"
EndProject
Global
	GlobalSection(SolutionConfigurationPlatforms) = preSolution
		Debug|Any CPU = Debug|Any CPU
		Debug|iPhone = Debug|iPhone
		Debug|iPhoneSimulator = Debug|iPhoneSimulator
		Release|Any CPU = Release|Any CPU
		Release|iPhone = Release|iPhone
		Release|iPhoneSimulator = Release|iPhoneSimulator
	EndGlobalSection
	GlobalSection(ProjectConfigurationPlatforms) = postSolution
		{767675F9-84D0-4B07-88C6-E9600376B9B2}.Debug|Any CPU.ActiveCfg = Debug|Any CPU
		{767675F9-84D0-4B07-88C6-E9600376B9B2}.Debug|Any CPU.Build.0 = Debug|Any CPU
		{767675F9-84D0-4B07-88C6-E9600376B9B2}.Debug|Any CPU.Deploy.0 = Debug|Any CPU
		{767675F9-84D0-4B07-88C6-E9600376B9B2}.Debug|iPhone.ActiveCfg = Debug|Any CPU
		{767675F9-84D0-4B07-88C6-E9600376B9B2}.Debug|iPhone.Build.0 = Debug|Any CPU
		{767675F9-84D0-4B07-88C6-E9600376B9B2}.Debug|iPhone.Deploy.0 = Debug|Any CPU
		{767675F9-84D0-4B07-88C6-E9600376B9B2}.Debug|iPhoneSimulator.ActiveCfg = Debug|Any CPU
		{767675F9-84D0-4B07-88C6-E9600376B9B2}.Debug|iPhoneSimulator.Build.0 = Debug|Any CPU
		{767675F9-84D0-4B07-88C6-E9600376B9B2}.Debug|iPhoneSimulator.Deploy.0 = Debug|Any CPU
		{767675F9-84D0-4B07-88C6-E9600376B9B2}.Release|Any CPU.ActiveCfg = Release|Any CPU
		{767675F9-84D0-4B07-88C6-E9600376B9B2}.Release|Any CPU.Build.0 = Release|Any CPU
		{767675F9-84D0-4B07-88C6-E9600376B9B2}.Release|Any CPU.Deploy.0 = Release|Any CPU
		{767675F9-84D0-4B07-88C6-E9600376B9B2}.Release|iPhone.ActiveCfg = Release|Any CPU
		{767675F9-84D0-4B07-88C6-E9600376B9B2}.Release|iPhone.Build.0 = Release|Any CPU
		{767675F9-84D0-4B07-88C6-E9600376B9B2}.Release|iPhone.Deploy.0 = Release|Any CPU
		{767675F9-84D0-4B07-88C6-E9600376B9B2}.Release|iPhoneSimulator.ActiveCfg = Release|Any CPU
		{767675F9-84D0-4B07-88C6-E9600376B9B2}.Release|iPhoneSimulator.Build.0 = Release|Any CPU
		{767675F9-84D0-4B07-88C6-E9600376B9B2}.Release|iPhoneSimulator.Deploy.0 = Release|Any CPU
		{0B08A3E3-C270-4A51-9AFA-154761640485}.Debug|Any CPU.ActiveCfg = Debug|iPhoneSimulator
		{0B08A3E3-C270-4A51-9AFA-154761640485}.Debug|Any CPU.Build.0 = Debug|iPhoneSimulator
		{0B08A3E3-C270-4A51-9AFA-154761640485}.Debug|Any CPU.Deploy.0 = Debug|iPhoneSimulator
		{0B08A3E3-C270-4A51-9AFA-154761640485}.Debug|iPhone.ActiveCfg = Debug|iPhone
		{0B08A3E3-C270-4A51-9AFA-154761640485}.Debug|iPhone.Build.0 = Debug|iPhone
		{0B08A3E3-C270-4A51-9AFA-154761640485}.Debug|iPhone.Deploy.0 = Debug|iPhone
		{0B08A3E3-C270-4A51-9AFA-154761640485}.Debug|iPhoneSimulator.ActiveCfg = Debug|iPhoneSimulator
		{0B08A3E3-C270-4A51-9AFA-154761640485}.Debug|iPhoneSimulator.Build.0 = Debug|iPhoneSimulator
		{0B08A3E3-C270-4A51-9AFA-154761640485}.Debug|iPhoneSimulator.Deploy.0 = Debug|iPhoneSimulator
		{0B08A3E3-C270-4A51-9AFA-154761640485}.Release|Any CPU.ActiveCfg = Release|iPhone
		{0B08A3E3-C270-4A51-9AFA-154761640485}.Release|Any CPU.Build.0 = Release|iPhone
		{0B08A3E3-C270-4A51-9AFA-154761640485}.Release|Any CPU.Deploy.0 = Release|iPhone
		{0B08A3E3-C270-4A51-9AFA-154761640485}.Release|iPhone.ActiveCfg = Release|iPhone
		{0B08A3E3-C270-4A51-9AFA-154761640485}.Release|iPhone.Build.0 = Release|iPhone
		{0B08A3E3-C270-4A51-9AFA-154761640485}.Release|iPhone.Deploy.0 = Release|iPhone
		{0B08A3E3-C270-4A51-9AFA-154761640485}.Release|iPhoneSimulator.ActiveCfg = Release|iPhoneSimulator
		{0B08A3E3-C270-4A51-9AFA-154761640485}.Release|iPhoneSimulator.Build.0 = Release|iPhoneSimulator
		{0B08A3E3-C270-4A51-9AFA-154761640485}.Release|iPhoneSimulator.Deploy.0 = Release|iPhoneSimulator
		{22114522-4C54-4894-9B65-EC30B3EA50B7}.Debug|Any CPU.ActiveCfg = Debug|Any CPU
		{22114522-4C54-4894-9B65-EC30B3EA50B7}.Debug|Any CPU.Build.0 = Debug|Any CPU
		{22114522-4C54-4894-9B65-EC30B3EA50B7}.Debug|Any CPU.Deploy.0 = Debug|Any CPU
		{22114522-4C54-4894-9B65-EC30B3EA50B7}.Debug|iPhone.ActiveCfg = Debug|Any CPU
		{22114522-4C54-4894-9B65-EC30B3EA50B7}.Debug|iPhone.Build.0 = Debug|Any CPU
		{22114522-4C54-4894-9B65-EC30B3EA50B7}.Debug|iPhone.Deploy.0 = Debug|Any CPU
		{22114522-4C54-4894-9B65-EC30B3EA50B7}.Debug|iPhoneSimulator.ActiveCfg = Debug|Any CPU
		{22114522-4C54-4894-9B65-EC30B3EA50B7}.Debug|iPhoneSimulator.Build.0 = Debug|Any CPU
		{22114522-4C54-4894-9B65-EC30B3EA50B7}.Debug|iPhoneSimulator.Deploy.0 = Debug|Any CPU
		{22114522-4C54-4894-9B65-EC30B3EA50B7}.Release|Any CPU.ActiveCfg = Release|Any CPU
		{22114522-4C54-4894-9B65-EC30B3EA50B7}.Release|Any CPU.Build.0 = Release|Any CPU
		{22114522-4C54-4894-9B65-EC30B3EA50B7}.Release|Any CPU.Deploy.0 = Release|Any CPU
		{22114522-4C54-4894-9B65-EC30B3EA50B7}.Release|iPhone.ActiveCfg = Release|Any CPU
		{22114522-4C54-4894-9B65-EC30B3EA50B7}.Release|iPhone.Build.0 = Release|Any CPU
		{22114522-4C54-4894-9B65-EC30B3EA50B7}.Release|iPhone.Deploy.0 = Release|Any CPU
		{22114522-4C54-4894-9B65-EC30B3EA50B7}.Release|iPhoneSimulator.ActiveCfg = Release|Any CPU
		{22114522-4C54-4894-9B65-EC30B3EA50B7}.Release|iPhoneSimulator.Build.0 = Release|Any CPU
		{22114522-4C54-4894-9B65-EC30B3EA50B7}.Release|iPhoneSimulator.Deploy.0 = Release|Any CPU
	EndGlobalSection
	GlobalSection(SolutionProperties) = preSolution
		HideSolutionNode = FALSE
	EndGlobalSection
	GlobalSection(ExtensibilityGlobals) = postSolution
		SolutionGuid = {4E7278D7-774C-49D5-9226-B0878BEE00C3}
	EndGlobalSection
EndGlobal
